
Microsoft Visual Studio Solution File, Format Version 12.00
# Visual Studio Version 17
VisualStudioVersion = 17.11.35222.181
MinimumVisualStudioVersion = 10.0.40219.1
Project("{9A19103F-16F7-4668-BE54-9A1E7A4F7556}") = "BulkyBookWeb", "BulkyWeb\BulkyBookWeb.csproj", "{C9F93FA8-A963-49D8-81FB-CAEC72D1A8DB}"
EndProject
Project("{9A19103F-16F7-4668-BE54-9A1E7A4F7556}") = "BulkyWeb_Temp", "BulkyWeb_Temp\BulkyWeb_Temp.csproj", "{93E95355-8E8B-4984-9E2A-1D890C347276}"
EndProject
Project("{9A19103F-16F7-4668-BE54-9A1E7A4F7556}") = "BulkyBook.DataAccess", "Bulky.DateAccess\BulkyBook.DataAccess.csproj", "{06E597C8-5C4F-4E39-B895-A1F95C65B9F9}"
EndProject
Project("{9A19103F-16F7-4668-BE54-9A1E7A4F7556}") = "BulkyBook.Models", "Bulky.Models\BulkyBook.Models.csproj", "{EA02234A-E3E3-44B5-9623-396E17BE0AC7}"
EndProject
Project("{9A19103F-16F7-4668-BE54-9A1E7A4F7556}") = "BulkyBook.Utility", "Bulky.Utility\BulkyBook.Utility.csproj", "{C9432DB4-6CCF-4967-B68D-82D76AB09E8C}"
EndProject
Global
	GlobalSection(SolutionConfigurationPlatforms) = preSolution
		Debug|Any CPU = Debug|Any CPU
		Release|Any CPU = Release|Any CPU
	EndGlobalSection
	GlobalSection(ProjectConfigurationPlatforms) = postSolution
		{C9F93FA8-A963-49D8-81FB-CAEC72D1A8DB}.Debug|Any CPU.ActiveCfg = Debug|Any CPU
		{C9F93FA8-A963-49D8-81FB-CAEC72D1A8DB}.Debug|Any CPU.Build.0 = Debug|Any CPU
		{C9F93FA8-A963-49D8-81FB-CAEC72D1A8DB}.Release|Any CPU.ActiveCfg = Release|Any CPU
		{C9F93FA8-A963-49D8-81FB-CAEC72D1A8DB}.Release|Any CPU.Build.0 = Release|Any CPU
		{93E95355-8E8B-4984-9E2A-1D890C347276}.Debug|Any CPU.ActiveCfg = Debug|Any CPU
		{93E95355-8E8B-4984-9E2A-1D890C347276}.Debug|Any CPU.Build.0 = Debug|Any CPU
		{93E95355-8E8B-4984-9E2A-1D890C347276}.Release|Any CPU.ActiveCfg = Release|Any CPU
		{93E95355-8E8B-4984-9E2A-1D890C347276}.Release|Any CPU.Build.0 = Release|Any CPU
		{06E597C8-5C4F-4E39-B895-A1F95C65B9F9}.Debug|Any CPU.ActiveCfg = Debug|Any CPU
		{06E597C8-5C4F-4E39-B895-A1F95C65B9F9}.Debug|Any CPU.Build.0 = Debug|Any CPU
		{06E597C8-5C4F-4E39-B895-A1F95C65B9F9}.Release|Any CPU.ActiveCfg = Release|Any CPU
		{06E597C8-5C4F-4E39-B895-A1F95C65B9F9}.Release|Any CPU.Build.0 = Release|Any CPU
		{EA02234A-E3E3-44B5-9623-396E17BE0AC7}.Debug|Any CPU.ActiveCfg = Debug|Any CPU
		{EA02234A-E3E3-44B5-9623-396E17BE0AC7}.Debug|Any CPU.Build.0 = Debug|Any CPU
		{EA02234A-E3E3-44B5-9623-396E17BE0AC7}.Release|Any CPU.ActiveCfg = Release|Any CPU
		{EA02234A-E3E3-44B5-9623-396E17BE0AC7}.Release|Any CPU.Build.0 = Release|Any CPU
		{C9432DB4-6CCF-4967-B68D-82D76AB09E8C}.Debug|Any CPU.ActiveCfg = Debug|Any CPU
		{C9432DB4-6CCF-4967-B68D-82D76AB09E8C}.Debug|Any CPU.Build.0 = Debug|Any CPU
		{C9432DB4-6CCF-4967-B68D-82D76AB09E8C}.Release|Any CPU.ActiveCfg = Release|Any CPU
		{C9432DB4-6CCF-4967-B68D-82D76AB09E8C}.Release|Any CPU.Build.0 = Release|Any CPU
	EndGlobalSection
	GlobalSection(SolutionProperties) = preSolution
		HideSolutionNode = FALSE
	EndGlobalSection
	GlobalSection(ExtensibilityGlobals) = postSolution
		SolutionGuid = {B63A1119-75F6-4FBC-85E7-CF674BAC6618}
	EndGlobalSection
EndGlobal
